
Microsoft Visual Studio Solution File, Format Version 12.00
# Visual Studio Version 17
VisualStudioVersion = 17.8.34309.116
MinimumVisualStudioVersion = 10.0.40219.1
Project("{FAE04EC0-301F-11D3-BF4B-00C04F79EFBC}") = "authorization", "authorization\authorization.csproj", "{A95D67E7-D58D-42BD-85B9-31C2D7AE3A87}"
EndProject
Global
	GlobalSection(SolutionConfigurationPlatforms) = preSolution
		Debug|Any CPU = Debug|Any CPU
		Release|Any CPU = Release|Any CPU
	EndGlobalSection
	GlobalSection(ProjectConfigurationPlatforms) = postSolution
		{A95D67E7-D58D-42BD-85B9-31C2D7AE3A87}.Debug|Any CPU.ActiveCfg = Debug|Any CPU
		{A95D67E7-D58D-42BD-85B9-31C2D7AE3A87}.Debug|Any CPU.Build.0 = Debug|Any CPU
		{A95D67E7-D58D-42BD-85B9-31C2D7AE3A87}.Release|Any CPU.ActiveCfg = Release|Any CPU
		{A95D67E7-D58D-42BD-85B9-31C2D7AE3A87}.Release|Any CPU.Build.0 = Release|Any CPU
	EndGlobalSection
	GlobalSection(SolutionProperties) = preSolution
		HideSolutionNode = FALSE
	EndGlobalSection
	GlobalSection(ExtensibilityGlobals) = postSolution
		SolutionGuid = {102E8B7F-C184-44FD-AB96-B8E8149856AD}
	EndGlobalSection
EndGlobal
